
Microsoft Visual Studio Solution File, Format Version 12.00
# Visual Studio Version 17
VisualStudioVersion = 17.0.31903.59
MinimumVisualStudioVersion = 10.0.40219.1
Project("{2150E333-8FDC-42A3-9474-1A3956D46DE8}") = "Presentation", "Presentation", "{3D3F4B22-5225-4FAD-A232-E06CDE7FB6A1}"
EndProject
Project("{FAE04EC0-301F-11D3-BF4B-00C04F79EFBC}") = "GeekSevenLabs.PowerToys.Terminal", "src\GeekSevenLabs.PowerToys.Terminal\GeekSevenLabs.PowerToys.Terminal.csproj", "{057DFE4D-6302-4BC1-9981-DEFC8B299408}"
EndProject
Project("{2150E333-8FDC-42A3-9474-1A3956D46DE8}") = "Services", "Services", "{AC10A056-46BF-4F8C-A085-7F1459119353}"
EndProject
Project("{FAE04EC0-301F-11D3-BF4B-00C04F79EFBC}") = "GeekSevenLabs.PowerToys", "src\GeekSevenLabs.PowerToys\GeekSevenLabs.PowerToys.csproj", "{7D37C501-7E84-48EB-A3FC-328DC1CA88C6}"
EndProject
Project("{FAE04EC0-301F-11D3-BF4B-00C04F79EFBC}") = "GeekSevenLabs.PowerToys.WebApp", "src\GeekSevenLabs.PowerToys.WebApp\GeekSevenLabs.PowerToys.WebApp.csproj", "{09513A51-59AD-485C-88C6-DD188704F645}"
EndProject
Global
	GlobalSection(SolutionConfigurationPlatforms) = preSolution
		Debug|Any CPU = Debug|Any CPU
		Release|Any CPU = Release|Any CPU
	EndGlobalSection
	GlobalSection(SolutionProperties) = preSolution
		HideSolutionNode = FALSE
	EndGlobalSection
	GlobalSection(NestedProjects) = preSolution
		{057DFE4D-6302-4BC1-9981-DEFC8B299408} = {3D3F4B22-5225-4FAD-A232-E06CDE7FB6A1}
		{7D37C501-7E84-48EB-A3FC-328DC1CA88C6} = {AC10A056-46BF-4F8C-A085-7F1459119353}
		{09513A51-59AD-485C-88C6-DD188704F645} = {3D3F4B22-5225-4FAD-A232-E06CDE7FB6A1}
	EndGlobalSection
	GlobalSection(ProjectConfigurationPlatforms) = postSolution
		{057DFE4D-6302-4BC1-9981-DEFC8B299408}.Debug|Any CPU.ActiveCfg = Debug|Any CPU
		{057DFE4D-6302-4BC1-9981-DEFC8B299408}.Debug|Any CPU.Build.0 = Debug|Any CPU
		{057DFE4D-6302-4BC1-9981-DEFC8B299408}.Release|Any CPU.ActiveCfg = Release|Any CPU
		{057DFE4D-6302-4BC1-9981-DEFC8B299408}.Release|Any CPU.Build.0 = Release|Any CPU
		{7D37C501-7E84-48EB-A3FC-328DC1CA88C6}.Debug|Any CPU.ActiveCfg = Debug|Any CPU
		{7D37C501-7E84-48EB-A3FC-328DC1CA88C6}.Debug|Any CPU.Build.0 = Debug|Any CPU
		{7D37C501-7E84-48EB-A3FC-328DC1CA88C6}.Release|Any CPU.ActiveCfg = Release|Any CPU
		{7D37C501-7E84-48EB-A3FC-328DC1CA88C6}.Release|Any CPU.Build.0 = Release|Any CPU
		{09513A51-59AD-485C-88C6-DD188704F645}.Debug|Any CPU.ActiveCfg = Debug|Any CPU
		{09513A51-59AD-485C-88C6-DD188704F645}.Debug|Any CPU.Build.0 = Debug|Any CPU
		{09513A51-59AD-485C-88C6-DD188704F645}.Release|Any CPU.ActiveCfg = Release|Any CPU
		{09513A51-59AD-485C-88C6-DD188704F645}.Release|Any CPU.Build.0 = Release|Any CPU
	EndGlobalSection
EndGlobal
